
Microsoft Visual Studio Solution File, Format Version 12.00
# Visual Studio Version 17
VisualStudioVersion = 17.4.32804.182
MinimumVisualStudioVersion = 10.0.40219.1
Project("{FAE04EC0-301F-11D3-BF4B-00C04F79EFBC}") = "primitive-types-and-expressions", "primitive-types-and-expressions\primitive-types-and-expressions.csproj", "{FF36E7AC-00BB-4BE9-8EBE-5943E93F8594}"
EndProject
Project("{FAE04EC0-301F-11D3-BF4B-00C04F79EFBC}") = "control-flow", "control-flow\control-flow.csproj", "{0DDCC305-C169-4193-A333-E3293458CB5F}"
EndProject
Project("{FAE04EC0-301F-11D3-BF4B-00C04F79EFBC}") = "arrays-and-lists", "arrays-and-lists\arrays-and-lists.csproj", "{E9B2916E-A860-4AF6-AF6E-E9F4874F797F}"
EndProject
Project("{FAE04EC0-301F-11D3-BF4B-00C04F79EFBC}") = "date-and-time", "date-and-time\date-and-time.csproj", "{35F92F69-43B0-4E67-A404-38780910BFF7}"
EndProject
Project("{FAE04EC0-301F-11D3-BF4B-00C04F79EFBC}") = "strings", "strings\strings.csproj", "{EA73C4BE-AF4D-42CF-BF7B-FE58DB23C440}"
EndProject
Project("{FAE04EC0-301F-11D3-BF4B-00C04F79EFBC}") = "file-io", "file-io\file-io.csproj", "{9A9B3E8F-668C-4347-9E7F-D43BF962FEC8}"
EndProject
Project("{9A19103F-16F7-4668-BE54-9A1E7A4F7556}") = "classes", "Classes\classes.csproj", "{32978151-373A-4A25-B832-EB01F6464D56}"
EndProject
Project("{9A19103F-16F7-4668-BE54-9A1E7A4F7556}") = "inheritance", "inheritance\inheritance.csproj", "{D33848D1-3195-45A3-AD68-4FF9BD5B928C}"
EndProject
Project("{9A19103F-16F7-4668-BE54-9A1E7A4F7556}") = "access-modifiers", "access-modifiers\access-modifiers.csproj", "{1400AFBE-194F-4B18-9B41-D70783341F83}"
EndProject
Project("{9A19103F-16F7-4668-BE54-9A1E7A4F7556}") = "internal-modifier", "Amazon\internal-modifier.csproj", "{03346F17-0ABC-4BC8-A316-C6537ECB3455}"
EndProject
Project("{FAE04EC0-301F-11D3-BF4B-00C04F79EFBC}") = "interfaces", "interfaces\interfaces.csproj", "{3C525ACC-68B3-4979-8994-2480871B3351}"
EndProject
Project("{FAE04EC0-301F-11D3-BF4B-00C04F79EFBC}") = "InterfaceTest", "InterfaceTest\InterfaceTest.csproj", "{5D78D4D6-7A40-41F6-BCE4-8EE0FF2637F5}"
EndProject
Project("{FAE04EC0-301F-11D3-BF4B-00C04F79EFBC}") = "Interfaces-and-extensibility", "Interfaces-and-extensibility\Interfaces-and-extensibility.csproj", "{D99E64C1-A5E5-4E3F-90A1-B96A24B57E6C}"
EndProject
Project("{FAE04EC0-301F-11D3-BF4B-00C04F79EFBC}") = "interfaces-and-polymorphism", "interfaces-and-polymorphism\interfaces-and-polymorphism.csproj", "{B4EE65BE-2191-40A9-8CD9-264ACAE33B3A}"
EndProject
Project("{FAE04EC0-301F-11D3-BF4B-00C04F79EFBC}") = "generics", "generics\generics.csproj", "{2ABF9C4D-0952-4132-8E70-CF3242A8D904}"
EndProject
Project("{FAE04EC0-301F-11D3-BF4B-00C04F79EFBC}") = "delegates", "delegates\delegates.csproj", "{F180DBA1-9E10-484F-A823-3018195E9068}"
EndProject
Project("{FAE04EC0-301F-11D3-BF4B-00C04F79EFBC}") = "lambda-expressions", "lambda-expressions\lambda-expressions.csproj", "{4A5F66F2-9132-4B20-A9EC-88193939EC94}"
EndProject
Project("{FAE04EC0-301F-11D3-BF4B-00C04F79EFBC}") = "events", "events\events.csproj", "{354E8A8D-C056-43D5-A206-DD605ADA9F51}"
EndProject
Project("{FAE04EC0-301F-11D3-BF4B-00C04F79EFBC}") = "extension-methods", "extension-methods\extension-methods.csproj", "{43E607F0-240E-4C51-ACFE-06320DFA71A2}"
EndProject
Project("{FAE04EC0-301F-11D3-BF4B-00C04F79EFBC}") = "linq", "linq\linq.csproj", "{64B37715-8FB3-4865-A54B-E123C0C56AD6}"
EndProject
Project("{FAE04EC0-301F-11D3-BF4B-00C04F79EFBC}") = "nullable-types", "nullable-types\nullable-types.csproj", "{370ADAB4-E0A8-45F1-B4B9-CD2ED5A3E39F}"
EndProject
Project("{FAE04EC0-301F-11D3-BF4B-00C04F79EFBC}") = "dynamic", "dynmaic\dynamic.csproj", "{45760453-8319-4D8A-81F5-CB67198D2279}"
EndProject
Project("{FAE04EC0-301F-11D3-BF4B-00C04F79EFBC}") = "exception-handling", "exception-handling\exception-handling.csproj", "{FC762CE4-9F68-4268-B019-8DEE24D7B09D}"
EndProject
Project("{FAE04EC0-301F-11D3-BF4B-00C04F79EFBC}") = "asynchronous-programming", "asynchronous-programming\asynchronous-programming.csproj", "{2773B7FF-1D1C-4F7A-A448-A78377FD7AF5}"
EndProject
Global
	GlobalSection(SolutionConfigurationPlatforms) = preSolution
		Debug|Any CPU = Debug|Any CPU
		Release|Any CPU = Release|Any CPU
	EndGlobalSection
	GlobalSection(ProjectConfigurationPlatforms) = postSolution
		{FF36E7AC-00BB-4BE9-8EBE-5943E93F8594}.Debug|Any CPU.ActiveCfg = Debug|Any CPU
		{FF36E7AC-00BB-4BE9-8EBE-5943E93F8594}.Debug|Any CPU.Build.0 = Debug|Any CPU
		{FF36E7AC-00BB-4BE9-8EBE-5943E93F8594}.Release|Any CPU.ActiveCfg = Release|Any CPU
		{FF36E7AC-00BB-4BE9-8EBE-5943E93F8594}.Release|Any CPU.Build.0 = Release|Any CPU
		{0DDCC305-C169-4193-A333-E3293458CB5F}.Debug|Any CPU.ActiveCfg = Debug|Any CPU
		{0DDCC305-C169-4193-A333-E3293458CB5F}.Debug|Any CPU.Build.0 = Debug|Any CPU
		{0DDCC305-C169-4193-A333-E3293458CB5F}.Release|Any CPU.ActiveCfg = Release|Any CPU
		{0DDCC305-C169-4193-A333-E3293458CB5F}.Release|Any CPU.Build.0 = Release|Any CPU
		{E9B2916E-A860-4AF6-AF6E-E9F4874F797F}.Debug|Any CPU.ActiveCfg = Debug|Any CPU
		{E9B2916E-A860-4AF6-AF6E-E9F4874F797F}.Debug|Any CPU.Build.0 = Debug|Any CPU
		{E9B2916E-A860-4AF6-AF6E-E9F4874F797F}.Release|Any CPU.ActiveCfg = Release|Any CPU
		{E9B2916E-A860-4AF6-AF6E-E9F4874F797F}.Release|Any CPU.Build.0 = Release|Any CPU
		{35F92F69-43B0-4E67-A404-38780910BFF7}.Debug|Any CPU.ActiveCfg = Debug|Any CPU
		{35F92F69-43B0-4E67-A404-38780910BFF7}.Debug|Any CPU.Build.0 = Debug|Any CPU
		{35F92F69-43B0-4E67-A404-38780910BFF7}.Release|Any CPU.ActiveCfg = Release|Any CPU
		{35F92F69-43B0-4E67-A404-38780910BFF7}.Release|Any CPU.Build.0 = Release|Any CPU
		{EA73C4BE-AF4D-42CF-BF7B-FE58DB23C440}.Debug|Any CPU.ActiveCfg = Debug|Any CPU
		{EA73C4BE-AF4D-42CF-BF7B-FE58DB23C440}.Debug|Any CPU.Build.0 = Debug|Any CPU
		{EA73C4BE-AF4D-42CF-BF7B-FE58DB23C440}.Release|Any CPU.ActiveCfg = Release|Any CPU
		{EA73C4BE-AF4D-42CF-BF7B-FE58DB23C440}.Release|Any CPU.Build.0 = Release|Any CPU
		{9A9B3E8F-668C-4347-9E7F-D43BF962FEC8}.Debug|Any CPU.ActiveCfg = Debug|Any CPU
		{9A9B3E8F-668C-4347-9E7F-D43BF962FEC8}.Debug|Any CPU.Build.0 = Debug|Any CPU
		{9A9B3E8F-668C-4347-9E7F-D43BF962FEC8}.Release|Any CPU.ActiveCfg = Release|Any CPU
		{9A9B3E8F-668C-4347-9E7F-D43BF962FEC8}.Release|Any CPU.Build.0 = Release|Any CPU
		{32978151-373A-4A25-B832-EB01F6464D56}.Debug|Any CPU.ActiveCfg = Debug|Any CPU
		{32978151-373A-4A25-B832-EB01F6464D56}.Debug|Any CPU.Build.0 = Debug|Any CPU
		{32978151-373A-4A25-B832-EB01F6464D56}.Release|Any CPU.ActiveCfg = Release|Any CPU
		{32978151-373A-4A25-B832-EB01F6464D56}.Release|Any CPU.Build.0 = Release|Any CPU
		{D33848D1-3195-45A3-AD68-4FF9BD5B928C}.Debug|Any CPU.ActiveCfg = Debug|Any CPU
		{D33848D1-3195-45A3-AD68-4FF9BD5B928C}.Debug|Any CPU.Build.0 = Debug|Any CPU
		{D33848D1-3195-45A3-AD68-4FF9BD5B928C}.Release|Any CPU.ActiveCfg = Release|Any CPU
		{D33848D1-3195-45A3-AD68-4FF9BD5B928C}.Release|Any CPU.Build.0 = Release|Any CPU
		{1400AFBE-194F-4B18-9B41-D70783341F83}.Debug|Any CPU.ActiveCfg = Debug|Any CPU
		{1400AFBE-194F-4B18-9B41-D70783341F83}.Debug|Any CPU.Build.0 = Debug|Any CPU
		{1400AFBE-194F-4B18-9B41-D70783341F83}.Release|Any CPU.ActiveCfg = Release|Any CPU
		{1400AFBE-194F-4B18-9B41-D70783341F83}.Release|Any CPU.Build.0 = Release|Any CPU
		{03346F17-0ABC-4BC8-A316-C6537ECB3455}.Debug|Any CPU.ActiveCfg = Debug|Any CPU
		{03346F17-0ABC-4BC8-A316-C6537ECB3455}.Debug|Any CPU.Build.0 = Debug|Any CPU
		{03346F17-0ABC-4BC8-A316-C6537ECB3455}.Release|Any CPU.ActiveCfg = Release|Any CPU
		{03346F17-0ABC-4BC8-A316-C6537ECB3455}.Release|Any CPU.Build.0 = Release|Any CPU
		{3C525ACC-68B3-4979-8994-2480871B3351}.Debug|Any CPU.ActiveCfg = Debug|Any CPU
		{3C525ACC-68B3-4979-8994-2480871B3351}.Debug|Any CPU.Build.0 = Debug|Any CPU
		{3C525ACC-68B3-4979-8994-2480871B3351}.Release|Any CPU.ActiveCfg = Release|Any CPU
		{3C525ACC-68B3-4979-8994-2480871B3351}.Release|Any CPU.Build.0 = Release|Any CPU
		{5D78D4D6-7A40-41F6-BCE4-8EE0FF2637F5}.Debug|Any CPU.ActiveCfg = Debug|Any CPU
		{5D78D4D6-7A40-41F6-BCE4-8EE0FF2637F5}.Debug|Any CPU.Build.0 = Debug|Any CPU
		{5D78D4D6-7A40-41F6-BCE4-8EE0FF2637F5}.Release|Any CPU.ActiveCfg = Release|Any CPU
		{5D78D4D6-7A40-41F6-BCE4-8EE0FF2637F5}.Release|Any CPU.Build.0 = Release|Any CPU
		{D99E64C1-A5E5-4E3F-90A1-B96A24B57E6C}.Debug|Any CPU.ActiveCfg = Debug|Any CPU
		{D99E64C1-A5E5-4E3F-90A1-B96A24B57E6C}.Debug|Any CPU.Build.0 = Debug|Any CPU
		{D99E64C1-A5E5-4E3F-90A1-B96A24B57E6C}.Release|Any CPU.ActiveCfg = Release|Any CPU
		{D99E64C1-A5E5-4E3F-90A1-B96A24B57E6C}.Release|Any CPU.Build.0 = Release|Any CPU
		{B4EE65BE-2191-40A9-8CD9-264ACAE33B3A}.Debug|Any CPU.ActiveCfg = Debug|Any CPU
		{B4EE65BE-2191-40A9-8CD9-264ACAE33B3A}.Debug|Any CPU.Build.0 = Debug|Any CPU
		{B4EE65BE-2191-40A9-8CD9-264ACAE33B3A}.Release|Any CPU.ActiveCfg = Release|Any CPU
		{B4EE65BE-2191-40A9-8CD9-264ACAE33B3A}.Release|Any CPU.Build.0 = Release|Any CPU
		{2ABF9C4D-0952-4132-8E70-CF3242A8D904}.Debug|Any CPU.ActiveCfg = Debug|Any CPU
		{2ABF9C4D-0952-4132-8E70-CF3242A8D904}.Debug|Any CPU.Build.0 = Debug|Any CPU
		{2ABF9C4D-0952-4132-8E70-CF3242A8D904}.Release|Any CPU.ActiveCfg = Release|Any CPU
		{2ABF9C4D-0952-4132-8E70-CF3242A8D904}.Release|Any CPU.Build.0 = Release|Any CPU
		{F180DBA1-9E10-484F-A823-3018195E9068}.Debug|Any CPU.ActiveCfg = Debug|Any CPU
		{F180DBA1-9E10-484F-A823-3018195E9068}.Debug|Any CPU.Build.0 = Debug|Any CPU
		{F180DBA1-9E10-484F-A823-3018195E9068}.Release|Any CPU.ActiveCfg = Release|Any CPU
		{F180DBA1-9E10-484F-A823-3018195E9068}.Release|Any CPU.Build.0 = Release|Any CPU
		{4A5F66F2-9132-4B20-A9EC-88193939EC94}.Debug|Any CPU.ActiveCfg = Debug|Any CPU
		{4A5F66F2-9132-4B20-A9EC-88193939EC94}.Debug|Any CPU.Build.0 = Debug|Any CPU
		{4A5F66F2-9132-4B20-A9EC-88193939EC94}.Release|Any CPU.ActiveCfg = Release|Any CPU
		{4A5F66F2-9132-4B20-A9EC-88193939EC94}.Release|Any CPU.Build.0 = Release|Any CPU
		{354E8A8D-C056-43D5-A206-DD605ADA9F51}.Debug|Any CPU.ActiveCfg = Debug|Any CPU
		{354E8A8D-C056-43D5-A206-DD605ADA9F51}.Debug|Any CPU.Build.0 = Debug|Any CPU
		{354E8A8D-C056-43D5-A206-DD605ADA9F51}.Release|Any CPU.ActiveCfg = Release|Any CPU
		{354E8A8D-C056-43D5-A206-DD605ADA9F51}.Release|Any CPU.Build.0 = Release|Any CPU
		{43E607F0-240E-4C51-ACFE-06320DFA71A2}.Debug|Any CPU.ActiveCfg = Debug|Any CPU
		{43E607F0-240E-4C51-ACFE-06320DFA71A2}.Debug|Any CPU.Build.0 = Debug|Any CPU
		{43E607F0-240E-4C51-ACFE-06320DFA71A2}.Release|Any CPU.ActiveCfg = Release|Any CPU
		{43E607F0-240E-4C51-ACFE-06320DFA71A2}.Release|Any CPU.Build.0 = Release|Any CPU
		{64B37715-8FB3-4865-A54B-E123C0C56AD6}.Debug|Any CPU.ActiveCfg = Debug|Any CPU
		{64B37715-8FB3-4865-A54B-E123C0C56AD6}.Debug|Any CPU.Build.0 = Debug|Any CPU
		{64B37715-8FB3-4865-A54B-E123C0C56AD6}.Release|Any CPU.ActiveCfg = Release|Any CPU
		{64B37715-8FB3-4865-A54B-E123C0C56AD6}.Release|Any CPU.Build.0 = Release|Any CPU
		{370ADAB4-E0A8-45F1-B4B9-CD2ED5A3E39F}.Debug|Any CPU.ActiveCfg = Debug|Any CPU
		{370ADAB4-E0A8-45F1-B4B9-CD2ED5A3E39F}.Debug|Any CPU.Build.0 = Debug|Any CPU
		{370ADAB4-E0A8-45F1-B4B9-CD2ED5A3E39F}.Release|Any CPU.ActiveCfg = Release|Any CPU
		{370ADAB4-E0A8-45F1-B4B9-CD2ED5A3E39F}.Release|Any CPU.Build.0 = Release|Any CPU
		{45760453-8319-4D8A-81F5-CB67198D2279}.Debug|Any CPU.ActiveCfg = Debug|Any CPU
		{45760453-8319-4D8A-81F5-CB67198D2279}.Debug|Any CPU.Build.0 = Debug|Any CPU
		{45760453-8319-4D8A-81F5-CB67198D2279}.Release|Any CPU.ActiveCfg = Release|Any CPU
		{45760453-8319-4D8A-81F5-CB67198D2279}.Release|Any CPU.Build.0 = Release|Any CPU
		{FC762CE4-9F68-4268-B019-8DEE24D7B09D}.Debug|Any CPU.ActiveCfg = Debug|Any CPU
		{FC762CE4-9F68-4268-B019-8DEE24D7B09D}.Debug|Any CPU.Build.0 = Debug|Any CPU
		{FC762CE4-9F68-4268-B019-8DEE24D7B09D}.Release|Any CPU.ActiveCfg = Release|Any CPU
		{FC762CE4-9F68-4268-B019-8DEE24D7B09D}.Release|Any CPU.Build.0 = Release|Any CPU
		{2773B7FF-1D1C-4F7A-A448-A78377FD7AF5}.Debug|Any CPU.ActiveCfg = Debug|Any CPU
		{2773B7FF-1D1C-4F7A-A448-A78377FD7AF5}.Debug|Any CPU.Build.0 = Debug|Any CPU
		{2773B7FF-1D1C-4F7A-A448-A78377FD7AF5}.Release|Any CPU.ActiveCfg = Release|Any CPU
		{2773B7FF-1D1C-4F7A-A448-A78377FD7AF5}.Release|Any CPU.Build.0 = Release|Any CPU
	EndGlobalSection
	GlobalSection(SolutionProperties) = preSolution
		HideSolutionNode = FALSE
	EndGlobalSection
	GlobalSection(ExtensibilityGlobals) = postSolution
		SolutionGuid = {4788C018-C414-4375-B52C-73CBCEFE9F7B}
	EndGlobalSection
EndGlobal
