
Microsoft Visual Studio Solution File, Format Version 12.00
# Visual Studio Version 17
VisualStudioVersion = 17.4.32804.182
MinimumVisualStudioVersion = 10.0.40219.1
Project("{FAE04EC0-301F-11D3-BF4B-00C04F79EFBC}") = "primitive-types-and-expressions", "primitive-types-and-expressions\primitive-types-and-expressions.csproj", "{FF36E7AC-00BB-4BE9-8EBE-5943E93F8594}"
EndProject
Project("{FAE04EC0-301F-11D3-BF4B-00C04F79EFBC}") = "control-flow", "control-flow\control-flow.csproj", "{0DDCC305-C169-4193-A333-E3293458CB5F}"
EndProject
Project("{FAE04EC0-301F-11D3-BF4B-00C04F79EFBC}") = "arrays-and-lists", "arrays-and-lists\arrays-and-lists.csproj", "{E9B2916E-A860-4AF6-AF6E-E9F4874F797F}"
EndProject
Project("{FAE04EC0-301F-11D3-BF4B-00C04F79EFBC}") = "date-and-time", "date-and-time\date-and-time.csproj", "{35F92F69-43B0-4E67-A404-38780910BFF7}"
EndProject
Project("{FAE04EC0-301F-11D3-BF4B-00C04F79EFBC}") = "strings", "strings\strings.csproj", "{EA73C4BE-AF4D-42CF-BF7B-FE58DB23C440}"
EndProject
Project("{FAE04EC0-301F-11D3-BF4B-00C04F79EFBC}") = "file-io", "file-io\file-io.csproj", "{9A9B3E8F-668C-4347-9E7F-D43BF962FEC8}"
EndProject
Project("{9A19103F-16F7-4668-BE54-9A1E7A4F7556}") = "classes", "Classes\classes.csproj", "{32978151-373A-4A25-B832-EB01F6464D56}"
EndProject
Project("{9A19103F-16F7-4668-BE54-9A1E7A4F7556}") = "inheritance", "inheritance\inheritance.csproj", "{D33848D1-3195-45A3-AD68-4FF9BD5B928C}"
EndProject
Project("{FAE04EC0-301F-11D3-BF4B-00C04F79EFBC}") = "access-modifiers", "access-modifiers\access-modifiers.csproj", "{1400AFBE-194F-4B18-9B41-D70783341F83}"
EndProject
Project("{FAE04EC0-301F-11D3-BF4B-00C04F79EFBC}") = "internal-modifier", "Amazon\internal-modifier.csproj", "{03346F17-0ABC-4BC8-A316-C6537ECB3455}"
EndProject
Global
	GlobalSection(SolutionConfigurationPlatforms) = preSolution
		Debug|Any CPU = Debug|Any CPU
		Release|Any CPU = Release|Any CPU
	EndGlobalSection
	GlobalSection(ProjectConfigurationPlatforms) = postSolution
		{FF36E7AC-00BB-4BE9-8EBE-5943E93F8594}.Debug|Any CPU.ActiveCfg = Debug|Any CPU
		{FF36E7AC-00BB-4BE9-8EBE-5943E93F8594}.Debug|Any CPU.Build.0 = Debug|Any CPU
		{FF36E7AC-00BB-4BE9-8EBE-5943E93F8594}.Release|Any CPU.ActiveCfg = Release|Any CPU
		{FF36E7AC-00BB-4BE9-8EBE-5943E93F8594}.Release|Any CPU.Build.0 = Release|Any CPU
		{0DDCC305-C169-4193-A333-E3293458CB5F}.Debug|Any CPU.ActiveCfg = Debug|Any CPU
		{0DDCC305-C169-4193-A333-E3293458CB5F}.Debug|Any CPU.Build.0 = Debug|Any CPU
		{0DDCC305-C169-4193-A333-E3293458CB5F}.Release|Any CPU.ActiveCfg = Release|Any CPU
		{0DDCC305-C169-4193-A333-E3293458CB5F}.Release|Any CPU.Build.0 = Release|Any CPU
		{E9B2916E-A860-4AF6-AF6E-E9F4874F797F}.Debug|Any CPU.ActiveCfg = Debug|Any CPU
		{E9B2916E-A860-4AF6-AF6E-E9F4874F797F}.Debug|Any CPU.Build.0 = Debug|Any CPU
		{E9B2916E-A860-4AF6-AF6E-E9F4874F797F}.Release|Any CPU.ActiveCfg = Release|Any CPU
		{E9B2916E-A860-4AF6-AF6E-E9F4874F797F}.Release|Any CPU.Build.0 = Release|Any CPU
		{35F92F69-43B0-4E67-A404-38780910BFF7}.Debug|Any CPU.ActiveCfg = Debug|Any CPU
		{35F92F69-43B0-4E67-A404-38780910BFF7}.Debug|Any CPU.Build.0 = Debug|Any CPU
		{35F92F69-43B0-4E67-A404-38780910BFF7}.Release|Any CPU.ActiveCfg = Release|Any CPU
		{35F92F69-43B0-4E67-A404-38780910BFF7}.Release|Any CPU.Build.0 = Release|Any CPU
		{EA73C4BE-AF4D-42CF-BF7B-FE58DB23C440}.Debug|Any CPU.ActiveCfg = Debug|Any CPU
		{EA73C4BE-AF4D-42CF-BF7B-FE58DB23C440}.Debug|Any CPU.Build.0 = Debug|Any CPU
		{EA73C4BE-AF4D-42CF-BF7B-FE58DB23C440}.Release|Any CPU.ActiveCfg = Release|Any CPU
		{EA73C4BE-AF4D-42CF-BF7B-FE58DB23C440}.Release|Any CPU.Build.0 = Release|Any CPU
		{9A9B3E8F-668C-4347-9E7F-D43BF962FEC8}.Debug|Any CPU.ActiveCfg = Debug|Any CPU
		{9A9B3E8F-668C-4347-9E7F-D43BF962FEC8}.Debug|Any CPU.Build.0 = Debug|Any CPU
		{9A9B3E8F-668C-4347-9E7F-D43BF962FEC8}.Release|Any CPU.ActiveCfg = Release|Any CPU
		{9A9B3E8F-668C-4347-9E7F-D43BF962FEC8}.Release|Any CPU.Build.0 = Release|Any CPU
		{32978151-373A-4A25-B832-EB01F6464D56}.Debug|Any CPU.ActiveCfg = Debug|Any CPU
		{32978151-373A-4A25-B832-EB01F6464D56}.Debug|Any CPU.Build.0 = Debug|Any CPU
		{32978151-373A-4A25-B832-EB01F6464D56}.Release|Any CPU.ActiveCfg = Release|Any CPU
		{32978151-373A-4A25-B832-EB01F6464D56}.Release|Any CPU.Build.0 = Release|Any CPU
		{D33848D1-3195-45A3-AD68-4FF9BD5B928C}.Debug|Any CPU.ActiveCfg = Debug|Any CPU
		{D33848D1-3195-45A3-AD68-4FF9BD5B928C}.Debug|Any CPU.Build.0 = Debug|Any CPU
		{D33848D1-3195-45A3-AD68-4FF9BD5B928C}.Release|Any CPU.ActiveCfg = Release|Any CPU
		{D33848D1-3195-45A3-AD68-4FF9BD5B928C}.Release|Any CPU.Build.0 = Release|Any CPU
		{1400AFBE-194F-4B18-9B41-D70783341F83}.Debug|Any CPU.ActiveCfg = Debug|Any CPU
		{1400AFBE-194F-4B18-9B41-D70783341F83}.Debug|Any CPU.Build.0 = Debug|Any CPU
		{1400AFBE-194F-4B18-9B41-D70783341F83}.Release|Any CPU.ActiveCfg = Release|Any CPU
		{1400AFBE-194F-4B18-9B41-D70783341F83}.Release|Any CPU.Build.0 = Release|Any CPU
		{03346F17-0ABC-4BC8-A316-C6537ECB3455}.Debug|Any CPU.ActiveCfg = Debug|Any CPU
		{03346F17-0ABC-4BC8-A316-C6537ECB3455}.Debug|Any CPU.Build.0 = Debug|Any CPU
		{03346F17-0ABC-4BC8-A316-C6537ECB3455}.Release|Any CPU.ActiveCfg = Release|Any CPU
		{03346F17-0ABC-4BC8-A316-C6537ECB3455}.Release|Any CPU.Build.0 = Release|Any CPU
	EndGlobalSection
	GlobalSection(SolutionProperties) = preSolution
		HideSolutionNode = FALSE
	EndGlobalSection
	GlobalSection(ExtensibilityGlobals) = postSolution
		SolutionGuid = {4788C018-C414-4375-B52C-73CBCEFE9F7B}
	EndGlobalSection
EndGlobal
